PODS:
  - CocoaAsyncSocket (7.6.3)
  - OCast (1.0.3):
    - OCast/Core (= 1.0.3)
    - OCast/ReferenceDriver (= 1.0.3)
  - OCast/Core (1.0.3):
    - CocoaAsyncSocket (= 7.6.3)
  - OCast/ReferenceDriver (1.0.3):
    - OCast/Core

DEPENDENCIES:
  - OCast (from `../`)

SPEC REPOS:
  https://github.com/cocoapods/specs.git:
    - CocoaAsyncSocket

EXTERNAL SOURCES:
  OCast:
    :path: "../"

SPEC CHECKSUMS:
  CocoaAsyncSocket: eafaa68a7e0ec99ead0a7b35015e0bf25d2c8987
  OCast: 31ae8b2213babf94eb9755cd2cd2db3a6b719ff5

PODFILE CHECKSUM: e3a0b447155e598b5d96f0629b0cbe01de0327cb

COCOAPODS: 1.5.2
