PODS:
  - CocoaAsyncSocket (7.6.3)
  - OCast (1.1.1):
    - OCast/Core (= 1.1.1)
    - OCast/ReferenceDriver (= 1.1.1)
  - OCast/Core (1.1.1):
    - CocoaAsyncSocket (= 7.6.3)
  - OCast/ReferenceDriver (1.1.1):
    - OCast/Core

DEPENDENCIES:
  - OCast (from `../`)

SPEC REPOS:
  https://github.com/cocoapods/specs.git:
    - CocoaAsyncSocket

EXTERNAL SOURCES:
  OCast:
    :path: "../"

SPEC CHECKSUMS:
  CocoaAsyncSocket: eafaa68a7e0ec99ead0a7b35015e0bf25d2c8987
  OCast: 38bafe51ef75860e1ca1867702549a7db4694409

PODFILE CHECKSUM: e3a0b447155e598b5d96f0629b0cbe01de0327cb

COCOAPODS: 1.5.2
