PODS:
  - CocoaAsyncSocket (7.6.3)
  - OCast (1.4.1):
    - OCast/Core (= 1.4.1)
    - OCast/ReferenceDriver (= 1.4.1)
  - OCast/Core (1.4.1):
    - CocoaAsyncSocket (= 7.6.3)
  - OCast/ReferenceDriver (1.4.1):
    - OCast/Core
  - Swifter (1.4.1)

DEPENDENCIES:
  - CocoaAsyncSocket (= 7.6.3)
  - OCast (from `./`)
  - Swifter (from `https://github.com/marcc-orange/swifter.git`, branch `stable`)

SPEC REPOS:
  https://github.com/cocoapods/specs.git:
    - CocoaAsyncSocket

EXTERNAL SOURCES:
  OCast:
    :path: "./"
  Swifter:
    :branch: stable
    :git: https://github.com/marcc-orange/swifter.git

CHECKOUT OPTIONS:
  Swifter:
    :commit: e1210bc24071d23533033cee94f95ba630de332e
    :git: https://github.com/marcc-orange/swifter.git

SPEC CHECKSUMS:
  CocoaAsyncSocket: eafaa68a7e0ec99ead0a7b35015e0bf25d2c8987
  OCast: f79be2a54a9bb76236eedef6fa991672b68b30c2
  Swifter: 62d14781d34600ffb6be99d350cf271be500600f

PODFILE CHECKSUM: a802031d5c938076042ae8fd28af776322dfd580

COCOAPODS: 1.5.3
