PODS:
  - CocoaAsyncSocket (7.6.3)
  - OCast (1.5.1):
    - OCast/Core (= 1.5.1)
    - OCast/ReferenceDriver (= 1.5.1)
  - OCast/Core (1.5.1):
    - CocoaAsyncSocket (= 7.6.3)
  - OCast/ReferenceDriver (1.5.1):
    - OCast/Core
  - Swifter (1.4.6)

DEPENDENCIES:
  - CocoaAsyncSocket (= 7.6.3)
  - OCast (from `./`)
  - Swifter (= 1.4.6)

SPEC REPOS:
  https://github.com/cocoapods/specs.git:
    - CocoaAsyncSocket
    - Swifter

EXTERNAL SOURCES:
  OCast:
    :path: "./"

SPEC CHECKSUMS:
  CocoaAsyncSocket: eafaa68a7e0ec99ead0a7b35015e0bf25d2c8987
  OCast: 75c5aad660a0620abdbfcf68ec9925d8a51a4cea
  Swifter: 2ed278fbf7b16cbe97269eb56d8e8749b1ec4042

PODFILE CHECKSUM: 3611bb3cf86424ddaaab3266b3832d9f2b514ff1

COCOAPODS: 1.6.1
